
Microsoft Visual Studio Solution File, Format Version 12.00
# Visual Studio Version 17
VisualStudioVersion = 17.11.35327.3
MinimumVisualStudioVersion = 10.0.40219.1
Project("{9A19103F-16F7-4668-BE54-9A1E7A4F7556}") = "AwakeDesk", "AwakeDesk\AwakeDesk.csproj", "{200F12CD-379C-456A-B33F-039BD263E9AA}"
EndProject
Project("{9A19103F-16F7-4668-BE54-9A1E7A4F7556}") = "AwakeDesk.Utils", "AwakeDesk.Utils\AwakeDesk.Utils.csproj", "{917F69E1-76DF-49F5-B501-14195BD1D9CC}"
EndProject
Project("{2150E333-8FDC-42A3-9474-1A3956D46DE8}") = "Solution Items", "Solution Items", "{C9E7DBA1-DA28-4388-83B6-890DA8F34BA7}"
EndProject
Global
	GlobalSection(SolutionConfigurationPlatforms) = preSolution
		Debug|Any CPU = Debug|Any CPU
		Release|Any CPU = Release|Any CPU
	EndGlobalSection
	GlobalSection(ProjectConfigurationPlatforms) = postSolution
		{200F12CD-379C-456A-B33F-039BD263E9AA}.Debug|Any CPU.ActiveCfg = Debug|Any CPU
		{200F12CD-379C-456A-B33F-039BD263E9AA}.Debug|Any CPU.Build.0 = Debug|Any CPU
		{200F12CD-379C-456A-B33F-039BD263E9AA}.Release|Any CPU.ActiveCfg = Release|Any CPU
		{200F12CD-379C-456A-B33F-039BD263E9AA}.Release|Any CPU.Build.0 = Release|Any CPU
		{917F69E1-76DF-49F5-B501-14195BD1D9CC}.Debug|Any CPU.ActiveCfg = Debug|Any CPU
		{917F69E1-76DF-49F5-B501-14195BD1D9CC}.Debug|Any CPU.Build.0 = Debug|Any CPU
		{917F69E1-76DF-49F5-B501-14195BD1D9CC}.Release|Any CPU.ActiveCfg = Release|Any CPU
		{917F69E1-76DF-49F5-B501-14195BD1D9CC}.Release|Any CPU.Build.0 = Release|Any CPU
	EndGlobalSection
	GlobalSection(SolutionProperties) = preSolution
		HideSolutionNode = FALSE
	EndGlobalSection
	GlobalSection(ExtensibilityGlobals) = postSolution
		SolutionGuid = {35A441B3-F90A-4D22-A218-DF5DDD1267C2}
	EndGlobalSection
EndGlobal
